
Microsoft Visual Studio Solution File, Format Version 12.00
# Visual Studio Version 16
VisualStudioVersion = 16.0.30524.135
MinimumVisualStudioVersion = 10.0.40219.1
Project("{FAE04EC0-301F-11D3-BF4B-00C04F79EFBC}") = "Psychostasia.Web", "Psychostasia.Web\Psychostasia.Web.csproj", "{86EEFFDD-039E-4424-8E6C-B646B297FB13}"
EndProject
Project("{FAE04EC0-301F-11D3-BF4B-00C04F79EFBC}") = "Sandbox", "Sandbox\Sandbox.csproj", "{6585ADBA-B63D-474B-AA8B-A9579FB2F0BB}"
EndProject
Global
	GlobalSection(SolutionConfigurationPlatforms) = preSolution
		Debug|Any CPU = Debug|Any CPU
		Release|Any CPU = Release|Any CPU
	EndGlobalSection
	GlobalSection(ProjectConfigurationPlatforms) = postSolution
		{86EEFFDD-039E-4424-8E6C-B646B297FB13}.Debug|Any CPU.ActiveCfg = Debug|Any CPU
		{86EEFFDD-039E-4424-8E6C-B646B297FB13}.Debug|Any CPU.Build.0 = Debug|Any CPU
		{86EEFFDD-039E-4424-8E6C-B646B297FB13}.Release|Any CPU.ActiveCfg = Release|Any CPU
		{86EEFFDD-039E-4424-8E6C-B646B297FB13}.Release|Any CPU.Build.0 = Release|Any CPU
		{6585ADBA-B63D-474B-AA8B-A9579FB2F0BB}.Debug|Any CPU.ActiveCfg = Debug|Any CPU
		{6585ADBA-B63D-474B-AA8B-A9579FB2F0BB}.Debug|Any CPU.Build.0 = Debug|Any CPU
		{6585ADBA-B63D-474B-AA8B-A9579FB2F0BB}.Release|Any CPU.ActiveCfg = Release|Any CPU
		{6585ADBA-B63D-474B-AA8B-A9579FB2F0BB}.Release|Any CPU.Build.0 = Release|Any CPU
	EndGlobalSection
	GlobalSection(SolutionProperties) = preSolution
		HideSolutionNode = FALSE
	EndGlobalSection
	GlobalSection(ExtensibilityGlobals) = postSolution
		SolutionGuid = {0B319905-FD1F-46FE-ABC1-63F084A7F64F}
	EndGlobalSection
EndGlobal
